
Microsoft Visual Studio Solution File, Format Version 12.00
# Visual Studio Version 17
VisualStudioVersion = 17.3.32811.315
MinimumVisualStudioVersion = 10.0.40219.1
Project("{9A19103F-16F7-4668-BE54-9A1E7A4F7556}") = "HDRLib", "HDRLib\HDRLib.csproj", "{644BACB0-3E06-4CAF-86C8-EBA5BE0556EA}"
EndProject
Project("{9A19103F-16F7-4668-BE54-9A1E7A4F7556}") = "HDRLib.Tests", "HDRLib.Tests\HDRLib.Tests.csproj", "{9C825235-EDD4-453C-8FF0-D318C48DA242}"
EndProject
Project("{9A19103F-16F7-4668-BE54-9A1E7A4F7556}") = "HDRLib.PixelProvider.ImageSharp", "HDRLib.PixelProvider.ImageSharp\HDRLib.PixelProvider.ImageSharp.csproj", "{C91029D0-304B-49AE-8267-994563165E53}"
EndProject
Project("{FAE04EC0-301F-11D3-BF4B-00C04F79EFBC}") = "PhotoProcessor", "PhotoProcessor\PhotoProcessor.csproj", "{741D7385-3B35-42AB-9658-9B2352E8157B}"
EndProject
Global
	GlobalSection(SolutionConfigurationPlatforms) = preSolution
		Debug|Any CPU = Debug|Any CPU
		Release|Any CPU = Release|Any CPU
	EndGlobalSection
	GlobalSection(ProjectConfigurationPlatforms) = postSolution
		{644BACB0-3E06-4CAF-86C8-EBA5BE0556EA}.Debug|Any CPU.ActiveCfg = Debug|Any CPU
		{644BACB0-3E06-4CAF-86C8-EBA5BE0556EA}.Debug|Any CPU.Build.0 = Debug|Any CPU
		{644BACB0-3E06-4CAF-86C8-EBA5BE0556EA}.Release|Any CPU.ActiveCfg = Release|Any CPU
		{644BACB0-3E06-4CAF-86C8-EBA5BE0556EA}.Release|Any CPU.Build.0 = Release|Any CPU
		{9C825235-EDD4-453C-8FF0-D318C48DA242}.Debug|Any CPU.ActiveCfg = Debug|Any CPU
		{9C825235-EDD4-453C-8FF0-D318C48DA242}.Debug|Any CPU.Build.0 = Debug|Any CPU
		{9C825235-EDD4-453C-8FF0-D318C48DA242}.Release|Any CPU.ActiveCfg = Release|Any CPU
		{9C825235-EDD4-453C-8FF0-D318C48DA242}.Release|Any CPU.Build.0 = Release|Any CPU
		{C91029D0-304B-49AE-8267-994563165E53}.Debug|Any CPU.ActiveCfg = Debug|Any CPU
		{C91029D0-304B-49AE-8267-994563165E53}.Debug|Any CPU.Build.0 = Debug|Any CPU
		{C91029D0-304B-49AE-8267-994563165E53}.Release|Any CPU.ActiveCfg = Release|Any CPU
		{C91029D0-304B-49AE-8267-994563165E53}.Release|Any CPU.Build.0 = Release|Any CPU
		{741D7385-3B35-42AB-9658-9B2352E8157B}.Debug|Any CPU.ActiveCfg = Debug|Any CPU
		{741D7385-3B35-42AB-9658-9B2352E8157B}.Debug|Any CPU.Build.0 = Debug|Any CPU
		{741D7385-3B35-42AB-9658-9B2352E8157B}.Release|Any CPU.ActiveCfg = Release|Any CPU
		{741D7385-3B35-42AB-9658-9B2352E8157B}.Release|Any CPU.Build.0 = Release|Any CPU
	EndGlobalSection
	GlobalSection(SolutionProperties) = preSolution
		HideSolutionNode = FALSE
	EndGlobalSection
	GlobalSection(ExtensibilityGlobals) = postSolution
		SolutionGuid = {96A22A9C-BB98-4A5B-8F39-34F373ECEF39}
	EndGlobalSection
EndGlobal
